
Microsoft Visual Studio Solution File, Format Version 12.00
# Visual Studio Version 17
VisualStudioVersion = 17.5.33530.505
MinimumVisualStudioVersion = 10.0.40219.1
Project("{2150E333-8FDC-42A3-9474-1A3956D46DE8}") = "src", "src", "{50C9AFD3-DD8B-4758-A93B-E3587ACE4D3D}"
EndProject
Project("{2150E333-8FDC-42A3-9474-1A3956D46DE8}") = "tests", "tests", "{30D5F3D6-A30A-429E-8CA5-3FB5FC166089}"
EndProject
Project("{2150E333-8FDC-42A3-9474-1A3956D46DE8}") = "Shared", "Shared", "{717704CF-5AE4-40B7-B1A3-8E8CAEEA792A}"
EndProject
Project("{2150E333-8FDC-42A3-9474-1A3956D46DE8}") = "Layers", "Layers", "{D1642AF5-149E-40FD-ACA3-1C3D882BDE9F}"
EndProject
Project("{FAE04EC0-301F-11D3-BF4B-00C04F79EFBC}") = "RecipeBook.Communication", "src\Shared\RecipeBook.Communication\RecipeBook.Communication.csproj", "{74BF7174-18FB-462E-ACD6-B5DB4ECDAEEA}"
EndProject
Project("{FAE04EC0-301F-11D3-BF4B-00C04F79EFBC}") = "RecipeBook.Exception", "src\Shared\RecipeBook.Exceptions\RecipeBook.Exception.csproj", "{F567E279-3D9C-42DD-BF55-470DCA406F8C}"
EndProject
Project("{FAE04EC0-301F-11D3-BF4B-00C04F79EFBC}") = "RecipeBook.Application", "src\Layers\RecipeBook.Application\RecipeBook.Application.csproj", "{D0D2FEDC-9E2E-4A04-8378-1A491803C2CB}"
EndProject
Project("{FAE04EC0-301F-11D3-BF4B-00C04F79EFBC}") = "RecipeBook.Domain", "src\Layers\RecipeBook.Domain\RecipeBook.Domain.csproj", "{9F0282F6-D79B-440E-BB32-93EE6EA2F2F6}"
EndProject
Project("{FAE04EC0-301F-11D3-BF4B-00C04F79EFBC}") = "RecipeBook.Infrastructure", "src\Layers\RecipeBook.Infrastructure\RecipeBook.Infrastructure.csproj", "{25CD5619-42B2-43E1-92D5-DB1F66647C61}"
EndProject
Project("{FAE04EC0-301F-11D3-BF4B-00C04F79EFBC}") = "RecipeBook.API", "src\Layers\RecipeBook.API\RecipeBook.API.csproj", "{C2298DC1-B194-4B77-A7AF-CA2FCAA8B83A}"
EndProject
Project("{FAE04EC0-301F-11D3-BF4B-00C04F79EFBC}") = "Validators.Test", "tests\Validators.Test\Validators.Test.csproj", "{14341D57-39F7-4369-8647-4B6AC2B35B5B}"
EndProject
Project("{FAE04EC0-301F-11D3-BF4B-00C04F79EFBC}") = "UseCases.Test", "tests\UseCases.Test\UseCases.Test.csproj", "{C23EE373-483C-4A60-BB7B-6BC09A99882C}"
EndProject
Project("{FAE04EC0-301F-11D3-BF4B-00C04F79EFBC}") = "WebApi.Test", "tests\WebApi.Test\WebApi.Test.csproj", "{FB072CB7-ADE7-4022-8478-6ECE88D2A4B9}"
EndProject
Global
	GlobalSection(SolutionConfigurationPlatforms) = preSolution
		Debug|Any CPU = Debug|Any CPU
		Release|Any CPU = Release|Any CPU
	EndGlobalSection
	GlobalSection(ProjectConfigurationPlatforms) = postSolution
		{74BF7174-18FB-462E-ACD6-B5DB4ECDAEEA}.Debug|Any CPU.ActiveCfg = Debug|Any CPU
		{74BF7174-18FB-462E-ACD6-B5DB4ECDAEEA}.Debug|Any CPU.Build.0 = Debug|Any CPU
		{74BF7174-18FB-462E-ACD6-B5DB4ECDAEEA}.Release|Any CPU.ActiveCfg = Release|Any CPU
		{74BF7174-18FB-462E-ACD6-B5DB4ECDAEEA}.Release|Any CPU.Build.0 = Release|Any CPU
		{F567E279-3D9C-42DD-BF55-470DCA406F8C}.Debug|Any CPU.ActiveCfg = Debug|Any CPU
		{F567E279-3D9C-42DD-BF55-470DCA406F8C}.Debug|Any CPU.Build.0 = Debug|Any CPU
		{F567E279-3D9C-42DD-BF55-470DCA406F8C}.Release|Any CPU.ActiveCfg = Release|Any CPU
		{F567E279-3D9C-42DD-BF55-470DCA406F8C}.Release|Any CPU.Build.0 = Release|Any CPU
		{D0D2FEDC-9E2E-4A04-8378-1A491803C2CB}.Debug|Any CPU.ActiveCfg = Debug|Any CPU
		{D0D2FEDC-9E2E-4A04-8378-1A491803C2CB}.Debug|Any CPU.Build.0 = Debug|Any CPU
		{D0D2FEDC-9E2E-4A04-8378-1A491803C2CB}.Release|Any CPU.ActiveCfg = Release|Any CPU
		{D0D2FEDC-9E2E-4A04-8378-1A491803C2CB}.Release|Any CPU.Build.0 = Release|Any CPU
		{9F0282F6-D79B-440E-BB32-93EE6EA2F2F6}.Debug|Any CPU.ActiveCfg = Debug|Any CPU
		{9F0282F6-D79B-440E-BB32-93EE6EA2F2F6}.Debug|Any CPU.Build.0 = Debug|Any CPU
		{9F0282F6-D79B-440E-BB32-93EE6EA2F2F6}.Release|Any CPU.ActiveCfg = Release|Any CPU
		{9F0282F6-D79B-440E-BB32-93EE6EA2F2F6}.Release|Any CPU.Build.0 = Release|Any CPU
		{25CD5619-42B2-43E1-92D5-DB1F66647C61}.Debug|Any CPU.ActiveCfg = Debug|Any CPU
		{25CD5619-42B2-43E1-92D5-DB1F66647C61}.Debug|Any CPU.Build.0 = Debug|Any CPU
		{25CD5619-42B2-43E1-92D5-DB1F66647C61}.Release|Any CPU.ActiveCfg = Release|Any CPU
		{25CD5619-42B2-43E1-92D5-DB1F66647C61}.Release|Any CPU.Build.0 = Release|Any CPU
		{C2298DC1-B194-4B77-A7AF-CA2FCAA8B83A}.Debug|Any CPU.ActiveCfg = Debug|Any CPU
		{C2298DC1-B194-4B77-A7AF-CA2FCAA8B83A}.Debug|Any CPU.Build.0 = Debug|Any CPU
		{C2298DC1-B194-4B77-A7AF-CA2FCAA8B83A}.Release|Any CPU.ActiveCfg = Release|Any CPU
		{C2298DC1-B194-4B77-A7AF-CA2FCAA8B83A}.Release|Any CPU.Build.0 = Release|Any CPU
		{14341D57-39F7-4369-8647-4B6AC2B35B5B}.Debug|Any CPU.ActiveCfg = Debug|Any CPU
		{14341D57-39F7-4369-8647-4B6AC2B35B5B}.Debug|Any CPU.Build.0 = Debug|Any CPU
		{14341D57-39F7-4369-8647-4B6AC2B35B5B}.Release|Any CPU.ActiveCfg = Release|Any CPU
		{14341D57-39F7-4369-8647-4B6AC2B35B5B}.Release|Any CPU.Build.0 = Release|Any CPU
		{C23EE373-483C-4A60-BB7B-6BC09A99882C}.Debug|Any CPU.ActiveCfg = Debug|Any CPU
		{C23EE373-483C-4A60-BB7B-6BC09A99882C}.Debug|Any CPU.Build.0 = Debug|Any CPU
		{C23EE373-483C-4A60-BB7B-6BC09A99882C}.Release|Any CPU.ActiveCfg = Release|Any CPU
		{C23EE373-483C-4A60-BB7B-6BC09A99882C}.Release|Any CPU.Build.0 = Release|Any CPU
		{FB072CB7-ADE7-4022-8478-6ECE88D2A4B9}.Debug|Any CPU.ActiveCfg = Debug|Any CPU
		{FB072CB7-ADE7-4022-8478-6ECE88D2A4B9}.Debug|Any CPU.Build.0 = Debug|Any CPU
		{FB072CB7-ADE7-4022-8478-6ECE88D2A4B9}.Release|Any CPU.ActiveCfg = Release|Any CPU
		{FB072CB7-ADE7-4022-8478-6ECE88D2A4B9}.Release|Any CPU.Build.0 = Release|Any CPU
	EndGlobalSection
	GlobalSection(SolutionProperties) = preSolution
		HideSolutionNode = FALSE
	EndGlobalSection
	GlobalSection(NestedProjects) = preSolution
		{717704CF-5AE4-40B7-B1A3-8E8CAEEA792A} = {50C9AFD3-DD8B-4758-A93B-E3587ACE4D3D}
		{D1642AF5-149E-40FD-ACA3-1C3D882BDE9F} = {50C9AFD3-DD8B-4758-A93B-E3587ACE4D3D}
		{74BF7174-18FB-462E-ACD6-B5DB4ECDAEEA} = {717704CF-5AE4-40B7-B1A3-8E8CAEEA792A}
		{F567E279-3D9C-42DD-BF55-470DCA406F8C} = {717704CF-5AE4-40B7-B1A3-8E8CAEEA792A}
		{D0D2FEDC-9E2E-4A04-8378-1A491803C2CB} = {D1642AF5-149E-40FD-ACA3-1C3D882BDE9F}
		{9F0282F6-D79B-440E-BB32-93EE6EA2F2F6} = {D1642AF5-149E-40FD-ACA3-1C3D882BDE9F}
		{25CD5619-42B2-43E1-92D5-DB1F66647C61} = {D1642AF5-149E-40FD-ACA3-1C3D882BDE9F}
		{C2298DC1-B194-4B77-A7AF-CA2FCAA8B83A} = {D1642AF5-149E-40FD-ACA3-1C3D882BDE9F}
		{14341D57-39F7-4369-8647-4B6AC2B35B5B} = {30D5F3D6-A30A-429E-8CA5-3FB5FC166089}
		{C23EE373-483C-4A60-BB7B-6BC09A99882C} = {30D5F3D6-A30A-429E-8CA5-3FB5FC166089}
		{FB072CB7-ADE7-4022-8478-6ECE88D2A4B9} = {30D5F3D6-A30A-429E-8CA5-3FB5FC166089}
	EndGlobalSection
	GlobalSection(ExtensibilityGlobals) = postSolution
		SolutionGuid = {518CB1AA-5AD3-42DE-8677-2CE2D98B8295}
	EndGlobalSection
EndGlobal
